<?xml version="1.0" encoding="utf-8"?>
<Project ToolsVersion="15.0" xmlns="http://schemas.microsoft.com/developer/msbuild/2003">
  <ItemGroup>
    <Filter Include="Resources">
      <UniqueIdentifier>c2b46aa1-667c-401a-b21c-8cb991990e1e</UniqueIdentifier>
      <Extensions>rc;ico;cur;bmp;dlg;rc2;rct;bin;rgs;gif;jpg;jpeg;jpe;resx;tga;tiff;tif;png;wav;mfcribbon-ms</Extensions>
    </Filter>
    <Filter Include="Celestia">
      <UniqueIdentifier>{363e8197-8db4-4b24-914b-1f2c5f40d9fb}</UniqueIdentifier>
    </Filter>
    <Filter Include="Celestia\celcompat">
      <UniqueIdentifier>{d63ed3ab-8848-4524-8197-4640f69b64db}</UniqueIdentifier>
    </Filter>
    <Filter Include="Celestia\celutil">
      <UniqueIdentifier>{2ac4e072-2a77-4f3f-800b-bac511aa7847}</UniqueIdentifier>
    </Filter>
    <Filter Include="Celestia\celephem">
      <UniqueIdentifier>{a1b235e4-69ca-4080-8b74-7eb6acad90db}</UniqueIdentifier>
    </Filter>
    <Filter Include="Celestia\celengine">
      <UniqueIdentifier>{7086804c-4996-40e3-a89f-ef300f553b13}</UniqueIdentifier>
    </Filter>
    <Filter Include="Celestia\celttf">
      <UniqueIdentifier>{36401055-4cd7-456b-aa85-8a2643a0b70e}</UniqueIdentifier>
    </Filter>
    <Filter Include="Celestia\celscript">
      <UniqueIdentifier>{18279cb9-e3b6-4fae-b0e5-6705c6b40bc4}</UniqueIdentifier>
    </Filter>
    <Filter Include="Celestia\cel3ds">
      <UniqueIdentifier>{74025a7c-041a-401b-8b6e-9b8f0aeab0a1}</UniqueIdentifier>
    </Filter>
    <Filter Include="Celestia\celmath">
      <UniqueIdentifier>{7c1bbf0e-5750-4c4a-abf7-e0770e23b743}</UniqueIdentifier>
    </Filter>
    <Filter Include="Celestia\celmodel">
      <UniqueIdentifier>{8be7beef-399f-48ff-b877-aeb22ccaf84d}</UniqueIdentifier>
    </Filter>
    <Filter Include="Celestia\celestia">
      <UniqueIdentifier>{d67144fa-54e8-49e8-9583-66e363a6c235}</UniqueIdentifier>
    </Filter>
    <Filter Include="Celestia\celscript\common">
      <UniqueIdentifier>{e988cfb6-dffb-4fd5-93d5-1fbb7db4796f}</UniqueIdentifier>
    </Filter>
    <Filter Include="Celestia\celscript\legacy">
      <UniqueIdentifier>{a95c6750-9d55-4391-be36-734a481fcbe8}</UniqueIdentifier>
    </Filter>
    <Filter Include="Celestia\celscript\lua">
      <UniqueIdentifier>{d60a15a7-d2d7-4998-925d-4c1ce41e18c6}</UniqueIdentifier>
    </Filter>
    <Filter Include="libintl">
      <UniqueIdentifier>{a8c6c164-71b2-4ad2-8360-95940cbd22ac}</UniqueIdentifier>
    </Filter>
  </ItemGroup>
  <ItemGroup>
    <ClCompile Include="pch.cpp" />
    <ClCompile Include="..\..\Celestia\src\celcompat\cc.cpp">
      <Filter>Celestia\celcompat</Filter>
    </ClCompile>
    <ClCompile Include="..\..\Celestia\src\celcompat\fs.cpp">
      <Filter>Celestia\celcompat</Filter>
    </ClCompile>
    <ClCompile Include="..\..\Celestia\src\celutil\bigfix.cpp">
      <Filter>Celestia\celutil</Filter>
    </ClCompile>
    <ClCompile Include="..\..\Celestia\src\celutil\color.cpp">
      <Filter>Celestia\celutil</Filter>
    </ClCompile>
    <ClCompile Include="..\..\Celestia\src\celutil\debug.cpp">
      <Filter>Celestia\celutil</Filter>
    </ClCompile>
    <ClCompile Include="..\..\Celestia\src\celutil\filetype.cpp">
      <Filter>Celestia\celutil</Filter>
    </ClCompile>
    <ClCompile Include="..\..\Celestia\src\celutil\formatnum.cpp">
      <Filter>Celestia\celutil</Filter>
    </ClCompile>
    <ClCompile Include="..\..\Celestia\src\celutil\fsutils.cpp">
      <Filter>Celestia\celutil</Filter>
    </ClCompile>
    <ClCompile Include="..\..\Celestia\src\celutil\memorypool.cpp">
      <Filter>Celestia\celutil</Filter>
    </ClCompile>
    <ClCompile Include="..\..\Celestia\src\celutil\stringutils.cpp">
      <Filter>Celestia\celutil</Filter>
    </ClCompile>
    <ClCompile Include="..\..\Celestia\src\celutil\strnatcmp.cpp">
      <Filter>Celestia\celutil</Filter>
    </ClCompile>
    <ClCompile Include="..\..\Celestia\src\celutil\timer.cpp">
      <Filter>Celestia\celutil</Filter>
    </ClCompile>
    <ClCompile Include="..\..\Celestia\src\celutil\utf8.cpp">
      <Filter>Celestia\celutil</Filter>
    </ClCompile>
    <ClCompile Include="..\..\Celestia\src\celutil\util.cpp">
      <Filter>Celestia\celutil</Filter>
    </ClCompile>
    <ClCompile Include="..\..\Celestia\src\celutil\winutil.cpp">
      <Filter>Celestia\celutil</Filter>
    </ClCompile>
    <ClCompile Include="..\..\Celestia\src\cel3ds\3dsmodel.cpp">
      <Filter>Celestia\cel3ds</Filter>
    </ClCompile>
    <ClCompile Include="..\..\Celestia\src\cel3ds\3dsread.cpp">
      <Filter>Celestia\cel3ds</Filter>
    </ClCompile>
    <ClCompile Include="..\..\Celestia\src\celmodel\material.cpp">
      <Filter>Celestia\celmodel</Filter>
    </ClCompile>
    <ClCompile Include="..\..\Celestia\src\celmodel\mesh.cpp">
      <Filter>Celestia\celmodel</Filter>
    </ClCompile>
    <ClCompile Include="..\..\Celestia\src\celmodel\model.cpp">
      <Filter>Celestia\celmodel</Filter>
    </ClCompile>
    <ClCompile Include="..\..\Celestia\src\celmodel\modelfile.cpp">
      <Filter>Celestia\celmodel</Filter>
    </ClCompile>
    <ClCompile Include="..\..\Celestia\src\celmath\frustum.cpp">
      <Filter>Celestia\celmath</Filter>
    </ClCompile>
    <ClCompile Include="..\..\Celestia\src\celmath\perlin.cpp">
      <Filter>Celestia\celmath</Filter>
    </ClCompile>
    <ClCompile Include="..\..\Celestia\src\celephem\customorbit.cpp">
      <Filter>Celestia\celephem</Filter>
    </ClCompile>
    <ClCompile Include="..\..\Celestia\src\celephem\customrotation.cpp">
      <Filter>Celestia\celephem</Filter>
    </ClCompile>
    <ClCompile Include="..\..\Celestia\src\celephem\jpleph.cpp">
      <Filter>Celestia\celephem</Filter>
    </ClCompile>
    <ClCompile Include="..\..\Celestia\src\celephem\nutation.cpp">
      <Filter>Celestia\celephem</Filter>
    </ClCompile>
    <ClCompile Include="..\..\Celestia\src\celephem\orbit.cpp">
      <Filter>Celestia\celephem</Filter>
    </ClCompile>
    <ClCompile Include="..\..\Celestia\src\celephem\precession.cpp">
      <Filter>Celestia\celephem</Filter>
    </ClCompile>
    <ClCompile Include="..\..\Celestia\src\celephem\rotation.cpp">
      <Filter>Celestia\celephem</Filter>
    </ClCompile>
    <ClCompile Include="..\..\Celestia\src\celephem\samporbit.cpp">
      <Filter>Celestia\celephem</Filter>
    </ClCompile>
    <ClCompile Include="..\..\Celestia\src\celephem\samporient.cpp">
      <Filter>Celestia\celephem</Filter>
    </ClCompile>
    <ClCompile Include="..\..\Celestia\src\celephem\scriptobject.cpp">
      <Filter>Celestia\celephem</Filter>
    </ClCompile>
    <ClCompile Include="..\..\Celestia\src\celephem\scriptorbit.cpp">
      <Filter>Celestia\celephem</Filter>
    </ClCompile>
    <ClCompile Include="..\..\Celestia\src\celephem\scriptrotation.cpp">
      <Filter>Celestia\celephem</Filter>
    </ClCompile>
    <ClCompile Include="..\..\Celestia\src\celephem\vsop87.cpp">
      <Filter>Celestia\celephem</Filter>
    </ClCompile>
    <ClCompile Include="..\..\Celestia\src\celengine\dds_decompress.cpp">
      <Filter>Celestia\celengine</Filter>
    </ClCompile>
    <ClCompile Include="..\..\Celestia\src\celengine\asterism.cpp">
      <Filter>Celestia\celengine</Filter>
    </ClCompile>
    <ClCompile Include="..\..\Celestia\src\celengine\asterismrenderer.cpp">
      <Filter>Celestia\celengine</Filter>
    </ClCompile>
    <ClCompile Include="..\..\Celestia\src\celengine\astro.cpp">
      <Filter>Celestia\celengine</Filter>
    </ClCompile>
    <ClCompile Include="..\..\Celestia\src\celengine\astroobj.cpp">
      <Filter>Celestia\celengine</Filter>
    </ClCompile>
    <ClCompile Include="..\..\Celestia\src\celengine\axisarrow.cpp">
      <Filter>Celestia\celengine</Filter>
    </ClCompile>
    <ClCompile Include="..\..\Celestia\src\celengine\body.cpp">
      <Filter>Celestia\celengine</Filter>
    </ClCompile>
    <ClCompile Include="..\..\Celestia\src\celengine\boundaries.cpp">
      <Filter>Celestia\celengine</Filter>
    </ClCompile>
    <ClCompile Include="..\..\Celestia\src\celengine\boundariesrenderer.cpp">
      <Filter>Celestia\celengine</Filter>
    </ClCompile>
    <ClCompile Include="..\..\Celestia\src\celengine\catalogxref.cpp">
      <Filter>Celestia\celengine</Filter>
    </ClCompile>
    <ClCompile Include="..\..\Celestia\src\celengine\category.cpp">
      <Filter>Celestia\celengine</Filter>
    </ClCompile>
    <ClCompile Include="..\..\Celestia\src\celengine\console.cpp">
      <Filter>Celestia\celengine</Filter>
    </ClCompile>
    <ClCompile Include="..\..\Celestia\src\celengine\constellation.cpp">
      <Filter>Celestia\celengine</Filter>
    </ClCompile>
    <ClCompile Include="..\..\Celestia\src\celengine\curveplot.cpp">
      <Filter>Celestia\celengine</Filter>
    </ClCompile>
    <ClCompile Include="..\..\Celestia\src\celengine\dds.cpp">
      <Filter>Celestia\celengine</Filter>
    </ClCompile>
    <ClCompile Include="..\..\Celestia\src\celengine\deepskyobj.cpp">
      <Filter>Celestia\celengine</Filter>
    </ClCompile>
    <ClCompile Include="..\..\Celestia\src\celengine\dispmap.cpp">
      <Filter>Celestia\celengine</Filter>
    </ClCompile>
    <ClCompile Include="..\..\Celestia\src\celengine\dsodb.cpp">
      <Filter>Celestia\celengine</Filter>
    </ClCompile>
    <ClCompile Include="..\..\Celestia\src\celengine\dsoname.cpp">
      <Filter>Celestia\celengine</Filter>
    </ClCompile>
    <ClCompile Include="..\..\Celestia\src\celengine\dsooctree.cpp">
      <Filter>Celestia\celengine</Filter>
    </ClCompile>
    <ClCompile Include="..\..\Celestia\src\celengine\dsorenderer.cpp">
      <Filter>Celestia\celengine</Filter>
    </ClCompile>
    <ClCompile Include="..\..\Celestia\src\celengine\frame.cpp">
      <Filter>Celestia\celengine</Filter>
    </ClCompile>
    <ClCompile Include="..\..\Celestia\src\celengine\framebuffer.cpp">
      <Filter>Celestia\celengine</Filter>
    </ClCompile>
    <ClCompile Include="..\..\Celestia\src\celengine\frametree.cpp">
      <Filter>Celestia\celengine</Filter>
    </ClCompile>
    <ClCompile Include="..\..\Celestia\src\celengine\galaxy.cpp">
      <Filter>Celestia\celengine</Filter>
    </ClCompile>
    <ClCompile Include="..\..\Celestia\src\celengine\glmarker.cpp">
      <Filter>Celestia\celengine</Filter>
    </ClCompile>
    <ClCompile Include="..\..\Celestia\src\celengine\globular.cpp">
      <Filter>Celestia\celengine</Filter>
    </ClCompile>
    <ClCompile Include="..\..\Celestia\src\celengine\glshader.cpp">
      <Filter>Celestia\celengine</Filter>
    </ClCompile>
    <ClCompile Include="..\..\Celestia\src\celengine\glsupport.cpp">
      <Filter>Celestia\celengine</Filter>
    </ClCompile>
    <ClCompile Include="..\..\Celestia\src\celengine\hash.cpp">
      <Filter>Celestia\celengine</Filter>
    </ClCompile>
    <ClCompile Include="..\..\Celestia\src\celengine\image.cpp">
      <Filter>Celestia\celengine</Filter>
    </ClCompile>
    <ClCompile Include="..\..\Celestia\src\celengine\location.cpp">
      <Filter>Celestia\celengine</Filter>
    </ClCompile>
    <ClCompile Include="..\..\Celestia\src\celengine\lodspheremesh.cpp">
      <Filter>Celestia\celengine</Filter>
    </ClCompile>
    <ClCompile Include="..\..\Celestia\src\celengine\mapmanager.cpp">
      <Filter>Celestia\celengine</Filter>
    </ClCompile>
    <ClCompile Include="..\..\Celestia\src\celengine\marker.cpp">
      <Filter>Celestia\celengine</Filter>
    </ClCompile>
    <ClCompile Include="..\..\Celestia\src\celengine\meshmanager.cpp">
      <Filter>Celestia\celengine</Filter>
    </ClCompile>
    <ClCompile Include="..\..\Celestia\src\celengine\modelgeometry.cpp">
      <Filter>Celestia\celengine</Filter>
    </ClCompile>
    <ClCompile Include="..\..\Celestia\src\celengine\multitexture.cpp">
      <Filter>Celestia\celengine</Filter>
    </ClCompile>
    <ClCompile Include="..\..\Celestia\src\celengine\name.cpp">
      <Filter>Celestia\celengine</Filter>
    </ClCompile>
    <ClCompile Include="..\..\Celestia\src\celengine\nebula.cpp">
      <Filter>Celestia\celengine</Filter>
    </ClCompile>
    <ClCompile Include="..\..\Celestia\src\celengine\observer.cpp">
      <Filter>Celestia\celengine</Filter>
    </ClCompile>
    <ClCompile Include="..\..\Celestia\src\celengine\opencluster.cpp">
      <Filter>Celestia\celengine</Filter>
    </ClCompile>
    <ClCompile Include="..\..\Celestia\src\celengine\overlay.cpp">
      <Filter>Celestia\celengine</Filter>
    </ClCompile>
    <ClCompile Include="..\..\Celestia\src\celengine\overlayimage.cpp">
      <Filter>Celestia\celengine</Filter>
    </ClCompile>
    <ClCompile Include="..\..\Celestia\src\celengine\parseobject.cpp">
      <Filter>Celestia\celengine</Filter>
    </ClCompile>
    <ClCompile Include="..\..\Celestia\src\celengine\parser.cpp">
      <Filter>Celestia\celengine</Filter>
    </ClCompile>
    <ClCompile Include="..\..\Celestia\src\celengine\planetgrid.cpp">
      <Filter>Celestia\celengine</Filter>
    </ClCompile>
    <ClCompile Include="..\..\Celestia\src\celengine\pointstarrenderer.cpp">
      <Filter>Celestia\celengine</Filter>
    </ClCompile>
    <ClCompile Include="..\..\Celestia\src\celengine\pointstarvertexbuffer.cpp">
      <Filter>Celestia\celengine</Filter>
    </ClCompile>
    <ClCompile Include="..\..\Celestia\src\celengine\rendcontext.cpp">
      <Filter>Celestia\celengine</Filter>
    </ClCompile>
    <ClCompile Include="..\..\Celestia\src\celengine\render.cpp">
      <Filter>Celestia\celengine</Filter>
    </ClCompile>
    <ClCompile Include="..\..\Celestia\src\celengine\renderglsl.cpp">
      <Filter>Celestia\celengine</Filter>
    </ClCompile>
    <ClCompile Include="..\..\Celestia\src\celengine\rotationmanager.cpp">
      <Filter>Celestia\celengine</Filter>
    </ClCompile>
    <ClCompile Include="..\..\Celestia\src\celengine\selection.cpp">
      <Filter>Celestia\celengine</Filter>
    </ClCompile>
    <ClCompile Include="..\..\Celestia\src\celengine\shadermanager.cpp">
      <Filter>Celestia\celengine</Filter>
    </ClCompile>
    <ClCompile Include="..\..\Celestia\src\celengine\simulation.cpp">
      <Filter>Celestia\celengine</Filter>
    </ClCompile>
    <ClCompile Include="..\..\Celestia\src\celengine\skygrid.cpp">
      <Filter>Celestia\celengine</Filter>
    </ClCompile>
    <ClCompile Include="..\..\Celestia\src\celengine\solarsys.cpp">
      <Filter>Celestia\celengine</Filter>
    </ClCompile>
    <ClCompile Include="..\..\Celestia\src\celengine\spheremesh.cpp">
      <Filter>Celestia\celengine</Filter>
    </ClCompile>
    <ClCompile Include="..\..\Celestia\src\celengine\star.cpp">
      <Filter>Celestia\celengine</Filter>
    </ClCompile>
    <ClCompile Include="..\..\Celestia\src\celengine\starbrowser.cpp">
      <Filter>Celestia\celengine</Filter>
    </ClCompile>
    <ClCompile Include="..\..\Celestia\src\celengine\starcolors.cpp">
      <Filter>Celestia\celengine</Filter>
    </ClCompile>
    <ClCompile Include="..\..\Celestia\src\celengine\stardb.cpp">
      <Filter>Celestia\celengine</Filter>
    </ClCompile>
    <ClCompile Include="..\..\Celestia\src\celengine\starname.cpp">
      <Filter>Celestia\celengine</Filter>
    </ClCompile>
    <ClCompile Include="..\..\Celestia\src\celengine\staroctree.cpp">
      <Filter>Celestia\celengine</Filter>
    </ClCompile>
    <ClCompile Include="..\..\Celestia\src\celengine\stellarclass.cpp">
      <Filter>Celestia\celengine</Filter>
    </ClCompile>
    <ClCompile Include="..\..\Celestia\src\celengine\texmanager.cpp">
      <Filter>Celestia\celengine</Filter>
    </ClCompile>
    <ClCompile Include="..\..\Celestia\src\celengine\texture.cpp">
      <Filter>Celestia\celengine</Filter>
    </ClCompile>
    <ClCompile Include="..\..\Celestia\src\celengine\timeline.cpp">
      <Filter>Celestia\celengine</Filter>
    </ClCompile>
    <ClCompile Include="..\..\Celestia\src\celengine\timelinephase.cpp">
      <Filter>Celestia\celengine</Filter>
    </ClCompile>
    <ClCompile Include="..\..\Celestia\src\celengine\tokenizer.cpp">
      <Filter>Celestia\celengine</Filter>
    </ClCompile>
    <ClCompile Include="..\..\Celestia\src\celengine\trajmanager.cpp">
      <Filter>Celestia\celengine</Filter>
    </ClCompile>
    <ClCompile Include="..\..\Celestia\src\celengine\univcoord.cpp">
      <Filter>Celestia\celengine</Filter>
    </ClCompile>
    <ClCompile Include="..\..\Celestia\src\celengine\universe.cpp">
      <Filter>Celestia\celengine</Filter>
    </ClCompile>
    <ClCompile Include="..\..\Celestia\src\celengine\value.cpp">
      <Filter>Celestia\celengine</Filter>
    </ClCompile>
    <ClCompile Include="..\..\Celestia\src\celengine\vertexobject.cpp">
      <Filter>Celestia\celengine</Filter>
    </ClCompile>
    <ClCompile Include="..\..\Celestia\src\celengine\viewporteffect.cpp">
      <Filter>Celestia\celengine</Filter>
    </ClCompile>
    <ClCompile Include="..\..\Celestia\src\celengine\virtualtex.cpp">
      <Filter>Celestia\celengine</Filter>
    </ClCompile>
    <ClCompile Include="..\..\Celestia\src\celengine\visibleregion.cpp">
      <Filter>Celestia\celengine</Filter>
    </ClCompile>
    <ClCompile Include="..\..\Celestia\src\celttf\truetypefont.cpp">
      <Filter>Celestia\celttf</Filter>
    </ClCompile>
    <ClCompile Include="..\..\Celestia\src\celscript\common\script.cpp">
      <Filter>Celestia\celscript\common</Filter>
    </ClCompile>
    <ClCompile Include="..\..\Celestia\src\celscript\common\scriptmaps.cpp">
      <Filter>Celestia\celscript\common</Filter>
    </ClCompile>
    <ClCompile Include="..\..\Celestia\src\celscript\legacy\cmdparser.cpp">
      <Filter>Celestia\celscript\legacy</Filter>
    </ClCompile>
    <ClCompile Include="..\..\Celestia\src\celscript\legacy\command.cpp">
      <Filter>Celestia\celscript\legacy</Filter>
    </ClCompile>
    <ClCompile Include="..\..\Celestia\src\celscript\legacy\execution.cpp">
      <Filter>Celestia\celscript\legacy</Filter>
    </ClCompile>
    <ClCompile Include="..\..\Celestia\src\celscript\legacy\legacyscript.cpp">
      <Filter>Celestia\celscript\legacy</Filter>
    </ClCompile>
    <ClCompile Include="..\..\Celestia\src\celscript\lua\celx.cpp">
      <Filter>Celestia\celscript\lua</Filter>
    </ClCompile>
    <ClCompile Include="..\..\Celestia\src\celscript\lua\celx_category.cpp">
      <Filter>Celestia\celscript\lua</Filter>
    </ClCompile>
    <ClCompile Include="..\..\Celestia\src\celscript\lua\celx_celestia.cpp">
      <Filter>Celestia\celscript\lua</Filter>
    </ClCompile>
    <ClCompile Include="..\..\Celestia\src\celscript\lua\celx_frame.cpp">
      <Filter>Celestia\celscript\lua</Filter>
    </ClCompile>
    <ClCompile Include="..\..\Celestia\src\celscript\lua\celx_misc.cpp">
      <Filter>Celestia\celscript\lua</Filter>
    </ClCompile>
    <ClCompile Include="..\..\Celestia\src\celscript\lua\celx_object.cpp">
      <Filter>Celestia\celscript\lua</Filter>
    </ClCompile>
    <ClCompile Include="..\..\Celestia\src\celscript\lua\celx_observer.cpp">
      <Filter>Celestia\celscript\lua</Filter>
    </ClCompile>
    <ClCompile Include="..\..\Celestia\src\celscript\lua\celx_phase.cpp">
      <Filter>Celestia\celscript\lua</Filter>
    </ClCompile>
    <ClCompile Include="..\..\Celestia\src\celscript\lua\celx_position.cpp">
      <Filter>Celestia\celscript\lua</Filter>
    </ClCompile>
    <ClCompile Include="..\..\Celestia\src\celscript\lua\celx_rotation.cpp">
      <Filter>Celestia\celscript\lua</Filter>
    </ClCompile>
    <ClCompile Include="..\..\Celestia\src\celscript\lua\celx_vector.cpp">
      <Filter>Celestia\celscript\lua</Filter>
    </ClCompile>
    <ClCompile Include="..\..\Celestia\src\celscript\lua\luascript.cpp">
      <Filter>Celestia\celscript\lua</Filter>
    </ClCompile>
    <ClCompile Include="..\..\Celestia\src\celestia\celestiacore.cpp">
      <Filter>Celestia\celestia</Filter>
    </ClCompile>
    <ClCompile Include="..\..\Celestia\src\celestia\celestiastate.cpp">
      <Filter>Celestia\celestia</Filter>
    </ClCompile>
    <ClCompile Include="..\..\Celestia\src\celestia\configfile.cpp">
      <Filter>Celestia\celestia</Filter>
    </ClCompile>
    <ClCompile Include="..\..\Celestia\src\celestia\destination.cpp">
      <Filter>Celestia\celestia</Filter>
    </ClCompile>
    <ClCompile Include="..\..\Celestia\src\celestia\eclipsefinder.cpp">
      <Filter>Celestia\celestia</Filter>
    </ClCompile>
    <ClCompile Include="..\..\Celestia\src\celestia\favorites.cpp">
      <Filter>Celestia\celestia</Filter>
    </ClCompile>
    <ClCompile Include="..\..\Celestia\src\celestia\helper.cpp">
      <Filter>Celestia\celestia</Filter>
    </ClCompile>
    <ClCompile Include="..\..\Celestia\src\celestia\imagecapture.cpp">
      <Filter>Celestia\celestia</Filter>
    </ClCompile>
    <ClCompile Include="..\..\Celestia\src\celestia\scriptmenu.cpp">
      <Filter>Celestia\celestia</Filter>
    </ClCompile>
    <ClCompile Include="..\..\Celestia\src\celestia\url.cpp">
      <Filter>Celestia\celestia</Filter>
    </ClCompile>
    <ClCompile Include="..\..\Celestia\src\celestia\view.cpp">
      <Filter>Celestia\celestia</Filter>
    </ClCompile>
    <ClCompile Include="CelestiaAppCore.cpp" />
    <ClCompile Include="$(GeneratedFilesDir)module.g.cpp" />
    <ClCompile Include="CelestiaAstroObject.cpp" />
    <ClCompile Include="CelestiaBody.cpp" />
    <ClCompile Include="CelestiaDSO.cpp" />
    <ClCompile Include="CelestiaGalaxy.cpp" />
    <ClCompile Include="CelestiaStar.cpp" />
    <ClCompile Include="CelestiaSelection.cpp" />
    <ClCompile Include="CelestiaLocation.cpp" />
    <ClCompile Include="CelestiaSimulation.cpp" />
    <ClCompile Include="CelestiaUniverse.cpp" />
    <ClCompile Include="CelestiaEclipse.cpp" />
    <ClCompile Include="CelestiaEclipseFinder.cpp" />
    <ClCompile Include="CelestiaHelper.cpp" />
    <ClCompile Include="CelestiaStarBrowser.cpp" />
    <ClCompile Include="CelestiaBrowserItem.cpp" />
    <ClCompile Include="CelestiaStarCatalog.cpp" />
    <ClCompile Include="CelestiaScript.cpp" />
    <ClCompile Include="CelestiaGotoLocation.cpp" />
    <ClCompile Include="CelestiaDestination.cpp" />
    <ClCompile Include="CelestiaDSOCatalog.cpp" />
    <ClCompile Include="libintl\internal\libintl.cpp">
      <Filter>libintl</Filter>
    </ClCompile>
    <ClCompile Include="CelestiaObserver.cpp" />
    <ClCompile Include="CelestiaRenderer.cpp" />
  </ItemGroup>
  <ItemGroup>
    <ClInclude Include="pch.h" />
    <ClInclude Include="..\..\Celestia\src\celcompat\cc.h">
      <Filter>Celestia\celcompat</Filter>
    </ClInclude>
    <ClInclude Include="..\..\Celestia\src\celcompat\charconv.h">
      <Filter>Celestia\celcompat</Filter>
    </ClInclude>
    <ClInclude Include="..\..\Celestia\src\celcompat\filesystem.h">
      <Filter>Celestia\celcompat</Filter>
    </ClInclude>
    <ClInclude Include="..\..\Celestia\src\celcompat\fs.h">
      <Filter>Celestia\celcompat</Filter>
    </ClInclude>
    <ClInclude Include="..\..\Celestia\src\celcompat\string_view.h">
      <Filter>Celestia\celcompat</Filter>
    </ClInclude>
    <ClInclude Include="..\..\Celestia\src\celcompat\sv.h">
      <Filter>Celestia\celcompat</Filter>
    </ClInclude>
    <ClInclude Include="config.h" />
    <ClInclude Include="..\..\Celestia\src\celutil\align.h">
      <Filter>Celestia\celutil</Filter>
    </ClInclude>
    <ClInclude Include="..\..\Celestia\src\celutil\array_view.h">
      <Filter>Celestia\celutil</Filter>
    </ClInclude>
    <ClInclude Include="..\..\Celestia\src\celutil\bigfix.h">
      <Filter>Celestia\celutil</Filter>
    </ClInclude>
    <ClInclude Include="..\..\Celestia\src\celutil\blockarray.h">
      <Filter>Celestia\celutil</Filter>
    </ClInclude>
    <ClInclude Include="..\..\Celestia\src\celutil\bytes.h">
      <Filter>Celestia\celutil</Filter>
    </ClInclude>
    <ClInclude Include="..\..\Celestia\src\celutil\color.h">
      <Filter>Celestia\celutil</Filter>
    </ClInclude>
    <ClInclude Include="..\..\Celestia\src\celutil\debug.h">
      <Filter>Celestia\celutil</Filter>
    </ClInclude>
    <ClInclude Include="..\..\Celestia\src\celutil\filetype.h">
      <Filter>Celestia\celutil</Filter>
    </ClInclude>
    <ClInclude Include="..\..\Celestia\src\celutil\formatnum.h">
      <Filter>Celestia\celutil</Filter>
    </ClInclude>
    <ClInclude Include="..\..\Celestia\src\celutil\fsutils.h">
      <Filter>Celestia\celutil</Filter>
    </ClInclude>
    <ClInclude Include="..\..\Celestia\src\celutil\gettext.h">
      <Filter>Celestia\celutil</Filter>
    </ClInclude>
    <ClInclude Include="..\..\Celestia\src\celutil\memorypool.h">
      <Filter>Celestia\celutil</Filter>
    </ClInclude>
    <ClInclude Include="..\..\Celestia\src\celutil\reshandle.h">
      <Filter>Celestia\celutil</Filter>
    </ClInclude>
    <ClInclude Include="..\..\Celestia\src\celutil\resmanager.h">
      <Filter>Celestia\celutil</Filter>
    </ClInclude>
    <ClInclude Include="..\..\Celestia\src\celutil\stringutils.h">
      <Filter>Celestia\celutil</Filter>
    </ClInclude>
    <ClInclude Include="..\..\Celestia\src\celutil\strnatcmp.h">
      <Filter>Celestia\celutil</Filter>
    </ClInclude>
    <ClInclude Include="..\..\Celestia\src\celutil\tee.h">
      <Filter>Celestia\celutil</Filter>
    </ClInclude>
    <ClInclude Include="..\..\Celestia\src\celutil\timer.h">
      <Filter>Celestia\celutil</Filter>
    </ClInclude>
    <ClInclude Include="..\..\Celestia\src\celutil\utf8.h">
      <Filter>Celestia\celutil</Filter>
    </ClInclude>
    <ClInclude Include="..\..\Celestia\src\celutil\util.h">
      <Filter>Celestia\celutil</Filter>
    </ClInclude>
    <ClInclude Include="..\..\Celestia\src\celutil\watcher.h">
      <Filter>Celestia\celutil</Filter>
    </ClInclude>
    <ClInclude Include="..\..\Celestia\src\celutil\winutil.h">
      <Filter>Celestia\celutil</Filter>
    </ClInclude>
    <ClInclude Include="..\..\Celestia\src\cel3ds\3dschunk.h">
      <Filter>Celestia\cel3ds</Filter>
    </ClInclude>
    <ClInclude Include="..\..\Celestia\src\cel3ds\3dsmodel.h">
      <Filter>Celestia\cel3ds</Filter>
    </ClInclude>
    <ClInclude Include="..\..\Celestia\src\cel3ds\3dsread.h">
      <Filter>Celestia\cel3ds</Filter>
    </ClInclude>
    <ClInclude Include="..\..\Celestia\src\celmodel\material.h">
      <Filter>Celestia\celmodel</Filter>
    </ClInclude>
    <ClInclude Include="..\..\Celestia\src\celmodel\mesh.h">
      <Filter>Celestia\celmodel</Filter>
    </ClInclude>
    <ClInclude Include="..\..\Celestia\src\celmodel\model.h">
      <Filter>Celestia\celmodel</Filter>
    </ClInclude>
    <ClInclude Include="..\..\Celestia\src\celmodel\modelfile.h">
      <Filter>Celestia\celmodel</Filter>
    </ClInclude>
    <ClInclude Include="..\..\Celestia\src\celmath\aabox.h">
      <Filter>Celestia\celmath</Filter>
    </ClInclude>
    <ClInclude Include="..\..\Celestia\src\celmath\capsule.h">
      <Filter>Celestia\celmath</Filter>
    </ClInclude>
    <ClInclude Include="..\..\Celestia\src\celmath\distance.h">
      <Filter>Celestia\celmath</Filter>
    </ClInclude>
    <ClInclude Include="..\..\Celestia\src\celmath\ellipsoid.h">
      <Filter>Celestia\celmath</Filter>
    </ClInclude>
    <ClInclude Include="..\..\Celestia\src\celmath\frustum.h">
      <Filter>Celestia\celmath</Filter>
    </ClInclude>
    <ClInclude Include="..\..\Celestia\src\celmath\geomutil.h">
      <Filter>Celestia\celmath</Filter>
    </ClInclude>
    <ClInclude Include="..\..\Celestia\src\celmath\intersect.h">
      <Filter>Celestia\celmath</Filter>
    </ClInclude>
    <ClInclude Include="..\..\Celestia\src\celmath\mathlib.h">
      <Filter>Celestia\celmath</Filter>
    </ClInclude>
    <ClInclude Include="..\..\Celestia\src\celmath\perlin.h">
      <Filter>Celestia\celmath</Filter>
    </ClInclude>
    <ClInclude Include="..\..\Celestia\src\celmath\plane.h">
      <Filter>Celestia\celmath</Filter>
    </ClInclude>
    <ClInclude Include="..\..\Celestia\src\celmath\quaternion.h">
      <Filter>Celestia\celmath</Filter>
    </ClInclude>
    <ClInclude Include="..\..\Celestia\src\celmath\ray.h">
      <Filter>Celestia\celmath</Filter>
    </ClInclude>
    <ClInclude Include="..\..\Celestia\src\celmath\solve.h">
      <Filter>Celestia\celmath</Filter>
    </ClInclude>
    <ClInclude Include="..\..\Celestia\src\celmath\sphere.h">
      <Filter>Celestia\celmath</Filter>
    </ClInclude>
    <ClInclude Include="..\..\Celestia\src\celmath\vecmath.h">
      <Filter>Celestia\celmath</Filter>
    </ClInclude>
    <ClInclude Include="..\..\Celestia\src\celephem\customorbit.h">
      <Filter>Celestia\celephem</Filter>
    </ClInclude>
    <ClInclude Include="..\..\Celestia\src\celephem\customrotation.h">
      <Filter>Celestia\celephem</Filter>
    </ClInclude>
    <ClInclude Include="..\..\Celestia\src\celephem\jpleph.h">
      <Filter>Celestia\celephem</Filter>
    </ClInclude>
    <ClInclude Include="..\..\Celestia\src\celephem\nutation.h">
      <Filter>Celestia\celephem</Filter>
    </ClInclude>
    <ClInclude Include="..\..\Celestia\src\celephem\orbit.h">
      <Filter>Celestia\celephem</Filter>
    </ClInclude>
    <ClInclude Include="..\..\Celestia\src\celephem\precession.h">
      <Filter>Celestia\celephem</Filter>
    </ClInclude>
    <ClInclude Include="..\..\Celestia\src\celephem\rotation.h">
      <Filter>Celestia\celephem</Filter>
    </ClInclude>
    <ClInclude Include="..\..\Celestia\src\celephem\samporbit.h">
      <Filter>Celestia\celephem</Filter>
    </ClInclude>
    <ClInclude Include="..\..\Celestia\src\celephem\samporient.h">
      <Filter>Celestia\celephem</Filter>
    </ClInclude>
    <ClInclude Include="..\..\Celestia\src\celephem\scriptobject.h">
      <Filter>Celestia\celephem</Filter>
    </ClInclude>
    <ClInclude Include="..\..\Celestia\src\celephem\scriptorbit.h">
      <Filter>Celestia\celephem</Filter>
    </ClInclude>
    <ClInclude Include="..\..\Celestia\src\celephem\scriptrotation.h">
      <Filter>Celestia\celephem</Filter>
    </ClInclude>
    <ClInclude Include="..\..\Celestia\src\celephem\vsop87.h">
      <Filter>Celestia\celephem</Filter>
    </ClInclude>
    <ClInclude Include="..\..\Celestia\src\celephem\xyzvbinary.h">
      <Filter>Celestia\celephem</Filter>
    </ClInclude>
    <ClInclude Include="..\..\Celestia\src\celengine\asterism.h">
      <Filter>Celestia\celengine</Filter>
    </ClInclude>
    <ClInclude Include="..\..\Celestia\src\celengine\asterismrenderer.h">
      <Filter>Celestia\celengine</Filter>
    </ClInclude>
    <ClInclude Include="..\..\Celestia\src\celengine\astro.h">
      <Filter>Celestia\celengine</Filter>
    </ClInclude>
    <ClInclude Include="..\..\Celestia\src\celengine\astroobj.h">
      <Filter>Celestia\celengine</Filter>
    </ClInclude>
    <ClInclude Include="..\..\Celestia\src\celengine\atmosphere.h">
      <Filter>Celestia\celengine</Filter>
    </ClInclude>
    <ClInclude Include="..\..\Celestia\src\celengine\axisarrow.h">
      <Filter>Celestia\celengine</Filter>
    </ClInclude>
    <ClInclude Include="..\..\Celestia\src\celengine\body.h">
      <Filter>Celestia\celengine</Filter>
    </ClInclude>
    <ClInclude Include="..\..\Celestia\src\celengine\boundaries.h">
      <Filter>Celestia\celengine</Filter>
    </ClInclude>
    <ClInclude Include="..\..\Celestia\src\celengine\boundariesrenderer.h">
      <Filter>Celestia\celengine</Filter>
    </ClInclude>
    <ClInclude Include="..\..\Celestia\src\celengine\catalogxref.h">
      <Filter>Celestia\celengine</Filter>
    </ClInclude>
    <ClInclude Include="..\..\Celestia\src\celengine\category.h">
      <Filter>Celestia\celengine</Filter>
    </ClInclude>
    <ClInclude Include="..\..\Celestia\src\celengine\console.h">
      <Filter>Celestia\celengine</Filter>
    </ClInclude>
    <ClInclude Include="..\..\Celestia\src\celengine\constellation.h">
      <Filter>Celestia\celengine</Filter>
    </ClInclude>
    <ClInclude Include="..\..\Celestia\src\celengine\curveplot.h">
      <Filter>Celestia\celengine</Filter>
    </ClInclude>
    <ClInclude Include="..\..\Celestia\src\celengine\dds_decompress.h">
      <Filter>Celestia\celengine</Filter>
    </ClInclude>
    <ClInclude Include="..\..\Celestia\src\celengine\deepskyobj.h">
      <Filter>Celestia\celengine</Filter>
    </ClInclude>
    <ClInclude Include="..\..\Celestia\src\celengine\dispmap.h">
      <Filter>Celestia\celengine</Filter>
    </ClInclude>
    <ClInclude Include="..\..\Celestia\src\celengine\dsodb.h">
      <Filter>Celestia\celengine</Filter>
    </ClInclude>
    <ClInclude Include="..\..\Celestia\src\celengine\dsoname.h">
      <Filter>Celestia\celengine</Filter>
    </ClInclude>
    <ClInclude Include="..\..\Celestia\src\celengine\dsooctree.h">
      <Filter>Celestia\celengine</Filter>
    </ClInclude>
    <ClInclude Include="..\..\Celestia\src\celengine\dsorenderer.h">
      <Filter>Celestia\celengine</Filter>
    </ClInclude>
    <ClInclude Include="..\..\Celestia\src\celengine\frame.h">
      <Filter>Celestia\celengine</Filter>
    </ClInclude>
    <ClInclude Include="..\..\Celestia\src\celengine\framebuffer.h">
      <Filter>Celestia\celengine</Filter>
    </ClInclude>
    <ClInclude Include="..\..\Celestia\src\celengine\frametree.h">
      <Filter>Celestia\celengine</Filter>
    </ClInclude>
    <ClInclude Include="..\..\Celestia\src\celengine\galaxy.h">
      <Filter>Celestia\celengine</Filter>
    </ClInclude>
    <ClInclude Include="..\..\Celestia\src\celengine\geometry.h">
      <Filter>Celestia\celengine</Filter>
    </ClInclude>
    <ClInclude Include="..\..\Celestia\src\celengine\globular.h">
      <Filter>Celestia\celengine</Filter>
    </ClInclude>
    <ClInclude Include="..\..\Celestia\src\celengine\glshader.h">
      <Filter>Celestia\celengine</Filter>
    </ClInclude>
    <ClInclude Include="..\..\Celestia\src\celengine\glsupport.h">
      <Filter>Celestia\celengine</Filter>
    </ClInclude>
    <ClInclude Include="..\..\Celestia\src\celengine\hash.h">
      <Filter>Celestia\celengine</Filter>
    </ClInclude>
    <ClInclude Include="..\..\Celestia\src\celengine\image.h">
      <Filter>Celestia\celengine</Filter>
    </ClInclude>
    <ClInclude Include="..\..\Celestia\src\celengine\lightenv.h">
      <Filter>Celestia\celengine</Filter>
    </ClInclude>
    <ClInclude Include="..\..\Celestia\src\celengine\location.h">
      <Filter>Celestia\celengine</Filter>
    </ClInclude>
    <ClInclude Include="..\..\Celestia\src\celengine\lodspheremesh.h">
      <Filter>Celestia\celengine</Filter>
    </ClInclude>
    <ClInclude Include="..\..\Celestia\src\celengine\mapmanager.h">
      <Filter>Celestia\celengine</Filter>
    </ClInclude>
    <ClInclude Include="..\..\Celestia\src\celengine\marker.h">
      <Filter>Celestia\celengine</Filter>
    </ClInclude>
    <ClInclude Include="..\..\Celestia\src\celengine\meshmanager.h">
      <Filter>Celestia\celengine</Filter>
    </ClInclude>
    <ClInclude Include="..\..\Celestia\src\celengine\modelgeometry.h">
      <Filter>Celestia\celengine</Filter>
    </ClInclude>
    <ClInclude Include="..\..\Celestia\src\celengine\multitexture.h">
      <Filter>Celestia\celengine</Filter>
    </ClInclude>
    <ClInclude Include="..\..\Celestia\src\celengine\name.h">
      <Filter>Celestia\celengine</Filter>
    </ClInclude>
    <ClInclude Include="..\..\Celestia\src\celengine\nebula.h">
      <Filter>Celestia\celengine</Filter>
    </ClInclude>
    <ClInclude Include="..\..\Celestia\src\celengine\objectrenderer.h">
      <Filter>Celestia\celengine</Filter>
    </ClInclude>
    <ClInclude Include="..\..\Celestia\src\celengine\observer.h">
      <Filter>Celestia\celengine</Filter>
    </ClInclude>
    <ClInclude Include="..\..\Celestia\src\celengine\octree.h">
      <Filter>Celestia\celengine</Filter>
    </ClInclude>
    <ClInclude Include="..\..\Celestia\src\celengine\opencluster.h">
      <Filter>Celestia\celengine</Filter>
    </ClInclude>
    <ClInclude Include="..\..\Celestia\src\celengine\orbitsampler.h">
      <Filter>Celestia\celengine</Filter>
    </ClInclude>
    <ClInclude Include="..\..\Celestia\src\celengine\overlay.h">
      <Filter>Celestia\celengine</Filter>
    </ClInclude>
    <ClInclude Include="..\..\Celestia\src\celengine\overlayimage.h">
      <Filter>Celestia\celengine</Filter>
    </ClInclude>
    <ClInclude Include="..\..\Celestia\src\celengine\parseobject.h">
      <Filter>Celestia\celengine</Filter>
    </ClInclude>
    <ClInclude Include="..\..\Celestia\src\celengine\parser.h">
      <Filter>Celestia\celengine</Filter>
    </ClInclude>
    <ClInclude Include="..\..\Celestia\src\celengine\planetgrid.h">
      <Filter>Celestia\celengine</Filter>
    </ClInclude>
    <ClInclude Include="..\..\Celestia\src\celengine\pointstarrenderer.h">
      <Filter>Celestia\celengine</Filter>
    </ClInclude>
    <ClInclude Include="..\..\Celestia\src\celengine\pointstarvertexbuffer.h">
      <Filter>Celestia\celengine</Filter>
    </ClInclude>
    <ClInclude Include="..\..\Celestia\src\celengine\rectangle.h">
      <Filter>Celestia\celengine</Filter>
    </ClInclude>
    <ClInclude Include="..\..\Celestia\src\celengine\referencemark.h">
      <Filter>Celestia\celengine</Filter>
    </ClInclude>
    <ClInclude Include="..\..\Celestia\src\celengine\rendcontext.h">
      <Filter>Celestia\celengine</Filter>
    </ClInclude>
    <ClInclude Include="..\..\Celestia\src\celengine\render.h">
      <Filter>Celestia\celengine</Filter>
    </ClInclude>
    <ClInclude Include="..\..\Celestia\src\celengine\renderglsl.h">
      <Filter>Celestia\celengine</Filter>
    </ClInclude>
    <ClInclude Include="..\..\Celestia\src\celengine\renderinfo.h">
      <Filter>Celestia\celengine</Filter>
    </ClInclude>
    <ClInclude Include="..\..\Celestia\src\celengine\renderlistentry.h">
      <Filter>Celestia\celengine</Filter>
    </ClInclude>
    <ClInclude Include="..\..\Celestia\src\celengine\rotationmanager.h">
      <Filter>Celestia\celengine</Filter>
    </ClInclude>
    <ClInclude Include="..\..\Celestia\src\celengine\selection.h">
      <Filter>Celestia\celengine</Filter>
    </ClInclude>
    <ClInclude Include="..\..\Celestia\src\celengine\shadermanager.h">
      <Filter>Celestia\celengine</Filter>
    </ClInclude>
    <ClInclude Include="..\..\Celestia\src\celengine\shadowmap.h">
      <Filter>Celestia\celengine</Filter>
    </ClInclude>
    <ClInclude Include="..\..\Celestia\src\celengine\shared.h">
      <Filter>Celestia\celengine</Filter>
    </ClInclude>
    <ClInclude Include="..\..\Celestia\src\celengine\simulation.h">
      <Filter>Celestia\celengine</Filter>
    </ClInclude>
    <ClInclude Include="..\..\Celestia\src\celengine\skygrid.h">
      <Filter>Celestia\celengine</Filter>
    </ClInclude>
    <ClInclude Include="..\..\Celestia\src\celengine\solarsys.h">
      <Filter>Celestia\celengine</Filter>
    </ClInclude>
    <ClInclude Include="..\..\Celestia\src\celengine\spheremesh.h">
      <Filter>Celestia\celengine</Filter>
    </ClInclude>
    <ClInclude Include="..\..\Celestia\src\celengine\star.h">
      <Filter>Celestia\celengine</Filter>
    </ClInclude>
    <ClInclude Include="..\..\Celestia\src\celengine\starbrowser.h">
      <Filter>Celestia\celengine</Filter>
    </ClInclude>
    <ClInclude Include="..\..\Celestia\src\celengine\starcolors.h">
      <Filter>Celestia\celengine</Filter>
    </ClInclude>
    <ClInclude Include="..\..\Celestia\src\celengine\stardb.h">
      <Filter>Celestia\celengine</Filter>
    </ClInclude>
    <ClInclude Include="..\..\Celestia\src\celengine\starname.h">
      <Filter>Celestia\celengine</Filter>
    </ClInclude>
    <ClInclude Include="..\..\Celestia\src\celengine\staroctree.h">
      <Filter>Celestia\celengine</Filter>
    </ClInclude>
    <ClInclude Include="..\..\Celestia\src\celengine\stellarclass.h">
      <Filter>Celestia\celengine</Filter>
    </ClInclude>
    <ClInclude Include="..\..\Celestia\src\celengine\surface.h">
      <Filter>Celestia\celengine</Filter>
    </ClInclude>
    <ClInclude Include="..\..\Celestia\src\celengine\texmanager.h">
      <Filter>Celestia\celengine</Filter>
    </ClInclude>
    <ClInclude Include="..\..\Celestia\src\celengine\texture.h">
      <Filter>Celestia\celengine</Filter>
    </ClInclude>
    <ClInclude Include="..\..\Celestia\src\celengine\timeline.h">
      <Filter>Celestia\celengine</Filter>
    </ClInclude>
    <ClInclude Include="..\..\Celestia\src\celengine\timelinephase.h">
      <Filter>Celestia\celengine</Filter>
    </ClInclude>
    <ClInclude Include="..\..\Celestia\src\celengine\tokenizer.h">
      <Filter>Celestia\celengine</Filter>
    </ClInclude>
    <ClInclude Include="..\..\Celestia\src\celengine\trajmanager.h">
      <Filter>Celestia\celengine</Filter>
    </ClInclude>
    <ClInclude Include="..\..\Celestia\src\celengine\univcoord.h">
      <Filter>Celestia\celengine</Filter>
    </ClInclude>
    <ClInclude Include="..\..\Celestia\src\celengine\universe.h">
      <Filter>Celestia\celengine</Filter>
    </ClInclude>
    <ClInclude Include="..\..\Celestia\src\celengine\value.h">
      <Filter>Celestia\celengine</Filter>
    </ClInclude>
    <ClInclude Include="..\..\Celestia\src\celengine\vecgl.h">
      <Filter>Celestia\celengine</Filter>
    </ClInclude>
    <ClInclude Include="..\..\Celestia\src\celengine\vertexbuf.h">
      <Filter>Celestia\celengine</Filter>
    </ClInclude>
    <ClInclude Include="..\..\Celestia\src\celengine\vertexobject.h">
      <Filter>Celestia\celengine</Filter>
    </ClInclude>
    <ClInclude Include="..\..\Celestia\src\celengine\viewporteffect.h">
      <Filter>Celestia\celengine</Filter>
    </ClInclude>
    <ClInclude Include="..\..\Celestia\src\celengine\virtualtex.h">
      <Filter>Celestia\celengine</Filter>
    </ClInclude>
    <ClInclude Include="..\..\Celestia\src\celengine\visibleregion.h">
      <Filter>Celestia\celengine</Filter>
    </ClInclude>
    <ClInclude Include="..\..\Celestia\src\celttf\truetypefont.h">
      <Filter>Celestia\celttf</Filter>
    </ClInclude>
    <ClInclude Include="..\..\Celestia\src\celscript\common\script.h">
      <Filter>Celestia\celscript\common</Filter>
    </ClInclude>
    <ClInclude Include="..\..\Celestia\src\celscript\common\scriptmaps.h">
      <Filter>Celestia\celscript\common</Filter>
    </ClInclude>
    <ClInclude Include="..\..\Celestia\src\celscript\legacy\cmdparser.h">
      <Filter>Celestia\celscript\legacy</Filter>
    </ClInclude>
    <ClInclude Include="..\..\Celestia\src\celscript\legacy\command.h">
      <Filter>Celestia\celscript\legacy</Filter>
    </ClInclude>
    <ClInclude Include="..\..\Celestia\src\celscript\legacy\execenv.h">
      <Filter>Celestia\celscript\legacy</Filter>
    </ClInclude>
    <ClInclude Include="..\..\Celestia\src\celscript\legacy\execution.h">
      <Filter>Celestia\celscript\legacy</Filter>
    </ClInclude>
    <ClInclude Include="..\..\Celestia\src\celscript\legacy\legacyscript.h">
      <Filter>Celestia\celscript\legacy</Filter>
    </ClInclude>
    <ClInclude Include="..\..\Celestia\src\celscript\lua\celx.h">
      <Filter>Celestia\celscript\lua</Filter>
    </ClInclude>
    <ClInclude Include="..\..\Celestia\src\celscript\lua\celx_category.h">
      <Filter>Celestia\celscript\lua</Filter>
    </ClInclude>
    <ClInclude Include="..\..\Celestia\src\celscript\lua\celx_celestia.h">
      <Filter>Celestia\celscript\lua</Filter>
    </ClInclude>
    <ClInclude Include="..\..\Celestia\src\celscript\lua\celx_frame.h">
      <Filter>Celestia\celscript\lua</Filter>
    </ClInclude>
    <ClInclude Include="..\..\Celestia\src\celscript\lua\celx_internal.h">
      <Filter>Celestia\celscript\lua</Filter>
    </ClInclude>
    <ClInclude Include="..\..\Celestia\src\celscript\lua\celx_misc.h">
      <Filter>Celestia\celscript\lua</Filter>
    </ClInclude>
    <ClInclude Include="..\..\Celestia\src\celscript\lua\celx_object.h">
      <Filter>Celestia\celscript\lua</Filter>
    </ClInclude>
    <ClInclude Include="..\..\Celestia\src\celscript\lua\celx_observer.h">
      <Filter>Celestia\celscript\lua</Filter>
    </ClInclude>
    <ClInclude Include="..\..\Celestia\src\celscript\lua\celx_phase.h">
      <Filter>Celestia\celscript\lua</Filter>
    </ClInclude>
    <ClInclude Include="..\..\Celestia\src\celscript\lua\celx_position.h">
      <Filter>Celestia\celscript\lua</Filter>
    </ClInclude>
    <ClInclude Include="..\..\Celestia\src\celscript\lua\celx_rotation.h">
      <Filter>Celestia\celscript\lua</Filter>
    </ClInclude>
    <ClInclude Include="..\..\Celestia\src\celscript\lua\celx_vector.h">
      <Filter>Celestia\celscript\lua</Filter>
    </ClInclude>
    <ClInclude Include="..\..\Celestia\src\celscript\lua\luascript.h">
      <Filter>Celestia\celscript\lua</Filter>
    </ClInclude>
    <ClInclude Include="..\..\Celestia\src\celestia\celestiacore.h">
      <Filter>Celestia\celestia</Filter>
    </ClInclude>
    <ClInclude Include="..\..\Celestia\src\celestia\celestiastate.h">
      <Filter>Celestia\celestia</Filter>
    </ClInclude>
    <ClInclude Include="..\..\Celestia\src\celestia\configfile.h">
      <Filter>Celestia\celestia</Filter>
    </ClInclude>
    <ClInclude Include="..\..\Celestia\src\celestia\destination.h">
      <Filter>Celestia\celestia</Filter>
    </ClInclude>
    <ClInclude Include="..\..\Celestia\src\celestia\eclipsefinder.h">
      <Filter>Celestia\celestia</Filter>
    </ClInclude>
    <ClInclude Include="..\..\Celestia\src\celestia\favorites.h">
      <Filter>Celestia\celestia</Filter>
    </ClInclude>
    <ClInclude Include="..\..\Celestia\src\celestia\helper.h">
      <Filter>Celestia\celestia</Filter>
    </ClInclude>
    <ClInclude Include="..\..\Celestia\src\celestia\imagecapture.h">
      <Filter>Celestia\celestia</Filter>
    </ClInclude>
    <ClInclude Include="..\..\Celestia\src\celestia\moviecapture.h">
      <Filter>Celestia\celestia</Filter>
    </ClInclude>
    <ClInclude Include="..\..\Celestia\src\celestia\scriptmenu.h">
      <Filter>Celestia\celestia</Filter>
    </ClInclude>
    <ClInclude Include="..\..\Celestia\src\celestia\url.h">
      <Filter>Celestia\celestia</Filter>
    </ClInclude>
    <ClInclude Include="..\..\Celestia\src\celestia\view.h">
      <Filter>Celestia\celestia</Filter>
    </ClInclude>
    <ClInclude Include="libintl\internal\MessageCatalog.hpp">
      <Filter>libintl</Filter>
    </ClInclude>
    <ClInclude Include="libintl\internal\Util.hpp">
      <Filter>libintl</Filter>
    </ClInclude>
    <ClInclude Include="libintl\libintl.h">
      <Filter>libintl</Filter>
    </ClInclude>
  </ItemGroup>
  <ItemGroup>
    <None Include="packages.config" />
    <None Include="CelestiaComponent.def" />
  </ItemGroup>
</Project>